<Solution>
  <Folder Name="/Api/">
    <Project Path="Api/Api.csproj" Id="ef2dfe55-14a8-44cd-b53b-614955ce4a51" />
  </Folder>
  <Folder Name="/Domain/">
    <Project Path="Domain/Domain.csproj" />
  </Folder>
  <Folder Name="/Infrastructure/">
    <Project Path="Infraestructure/Infraestructure.csproj" Id="6c599912-6347-457a-8982-413e9f9bc9cc" />
  </Folder>
  <Folder Name="/Tests/">
    <Project Path="Test/Test.csproj" Id="ccf4f257-7dff-4f33-84f5-ae9a058e3abc" />
  </Folder>
</Solution>
